
Microsoft Visual Studio Solution File, Format Version 12.00
# Visual Studio 15
VisualStudioVersion = 15.0.28307.645
MinimumVisualStudioVersion = 10.0.40219.1
Project("{FAE04EC0-301F-11D3-BF4B-00C04F79EFBC}") = "TechnicalExercise", "TechnicalExercise\TechnicalExercise.csproj", "{0B1184AE-309A-4AC0-9193-60AF9AFF7BE0}"
EndProject
Global
	GlobalSection(SolutionConfigurationPlatforms) = preSolution
		Debug|Any CPU = Debug|Any CPU
		Release|Any CPU = Release|Any CPU
	EndGlobalSection
	GlobalSection(ProjectConfigurationPlatforms) = postSolution
		{0B1184AE-309A-4AC0-9193-60AF9AFF7BE0}.Debug|Any CPU.ActiveCfg = Debug|Any CPU
		{0B1184AE-309A-4AC0-9193-60AF9AFF7BE0}.Debug|Any CPU.Build.0 = Debug|Any CPU
		{0B1184AE-309A-4AC0-9193-60AF9AFF7BE0}.Release|Any CPU.ActiveCfg = Release|Any CPU
		{0B1184AE-309A-4AC0-9193-60AF9AFF7BE0}.Release|Any CPU.Build.0 = Release|Any CPU
	EndGlobalSection
	GlobalSection(SolutionProperties) = preSolution
		HideSolutionNode = FALSE
	EndGlobalSection
	GlobalSection(ExtensibilityGlobals) = postSolution
		SolutionGuid = {9BD55D8E-85AF-4D88-9AA9-17360FBABD87}
	EndGlobalSection
EndGlobal
